// !$*UTF8*$!
{
	archiveVersion = 1;
	classes = {
	};
	objectVersion = 50;
	objects = {

/* Begin PBXBuildFile section */
		93F722AB21A2013A002FFD78 /* AppDelegate.swift in Sources */ = {isa = PBXBuildFile; fileRef = 93F722AA21A2013A002FFD78 /* AppDelegate.swift */; };
		93F722B021A2013A002FFD78 /* Main.storyboard in Resources */ = {isa = PBXBuildFile; fileRef = 93F722AE21A2013A002FFD78 /* Main.storyboard */; };
		93F722B221A2013C002FFD78 /* Assets.xcassets in Resources */ = {isa = PBXBuildFile; fileRef = 93F722B121A2013C002FFD78 /* Assets.xcassets */; };
		93F722B521A2013C002FFD78 /* LaunchScreen.storyboard in Resources */ = {isa = PBXBuildFile; fileRef = 93F722B321A2013C002FFD78 /* LaunchScreen.storyboard */; };
		93F722BD21A24DDC002FFD78 /* FormulasTableViewController.swift in Sources */ = {isa = PBXBuildFile; fileRef = 93F722BC21A24DDC002FFD78 /* FormulasTableViewController.swift */; };
		93F722CC21A2736A002FFD78 /* FormulaViewController.swift in Sources */ = {isa = PBXBuildFile; fileRef = 93F722CB21A2736A002FFD78 /* FormulaViewController.swift */; };
		93F722CE21A27C1F002FFD78 /* Formula.swift in Sources */ = {isa = PBXBuildFile; fileRef = 93F722CD21A27C1F002FFD78 /* Formula.swift */; };
/* End PBXBuildFile section */

/* Begin PBXFileReference section */
		93F722A721A20139002FFD78 /* Machiner.app */ = {isa = PBXFileReference; explicitFileType = wrapper.application; includeInIndex = 0; path = Machiner.app; sourceTree = BUILT_PRODUCTS_DIR; };
		93F722AA21A2013A002FFD78 /* AppDelegate.swift */ = {isa = PBXFileReference; lastKnownFileType = sourcecode.swift; path = AppDelegate.swift; sourceTree = "<group>"; };
		93F722AF21A2013A002FFD78 /* Base */ = {isa = PBXFileReference; lastKnownFileType = file.storyboard; name = Base; path = Base.lproj/Main.storyboard; sourceTree = "<group>"; };
		93F722B121A2013C002FFD78 /* Assets.xcassets */ = {isa = PBXFileReference; lastKnownFileType = folder.assetcatalog; path = Assets.xcassets; sourceTree = "<group>"; };
		93F722B421A2013C002FFD78 /* Base */ = {isa = PBXFileReference; lastKnownFileType = file.storyboard; name = Base; path = Base.lproj/LaunchScreen.storyboard; sourceTree = "<group>"; };
		93F722B621A2013C002FFD78 /* Info.plist */ = {isa = PBXFileReference; lastKnownFileType = text.plist.xml; path = Info.plist; sourceTree = "<group>"; };
		93F722BC21A24DDC002FFD78 /* FormulasTableViewController.swift */ = {isa = PBXFileReference; lastKnownFileType = sourcecode.swift; path = FormulasTableViewController.swift; sourceTree = "<group>"; };
		93F722CB21A2736A002FFD78 /* FormulaViewController.swift */ = {isa = PBXFileReference; lastKnownFileType = sourcecode.swift; path = FormulaViewController.swift; sourceTree = "<group>"; };
		93F722CD21A27C1F002FFD78 /* Formula.swift */ = {isa = PBXFileReference; lastKnownFileType = sourcecode.swift; path = Formula.swift; sourceTree = "<group>"; };
/* End PBXFileReference section */

/* Begin PBXFrameworksBuildPhase section */
		93F722A421A20139002FFD78 /* Frameworks */ = {
			isa = PBXFrameworksBuildPhase;
			buildActionMask = 2147483647;
			files = (
			);
			runOnlyForDeploymentPostprocessing = 0;
		};
/* End PBXFrameworksBuildPhase section */

/* Begin PBXGroup section */
		93F7229E21A20139002FFD78 = {
			isa = PBXGroup;
			children = (
				93F722A921A20139002FFD78 /* Machiner */,
				93F722A821A20139002FFD78 /* Products */,
			);
			sourceTree = "<group>";
		};
		93F722A821A20139002FFD78 /* Products */ = {
			isa = PBXGroup;
			children = (
				93F722A721A20139002FFD78 /* Machiner.app */,
			);
			name = Products;
			sourceTree = "<group>";
		};
		93F722A921A20139002FFD78 /* Machiner */ = {
			isa = PBXGroup;
			children = (
				93F722BC21A24DDC002FFD78 /* FormulasTableViewController.swift */,
				93F722CD21A27C1F002FFD78 /* Formula.swift */,
				93F722CB21A2736A002FFD78 /* FormulaViewController.swift */,
				93F722AA21A2013A002FFD78 /* AppDelegate.swift */,
				93F722AE21A2013A002FFD78 /* Main.storyboard */,
				93F722B121A2013C002FFD78 /* Assets.xcassets */,
				93F722B321A2013C002FFD78 /* LaunchScreen.storyboard */,
				93F722B621A2013C002FFD78 /* Info.plist */,
			);
			path = Machiner;
			sourceTree = "<group>";
		};
/* End PBXGroup section */

/* Begin PBXNativeTarget section */
		93F722A621A20139002FFD78 /* Machiner */ = {
			isa = PBXNativeTarget;
			buildConfigurationList = 93F722B921A2013C002FFD78 /* Build configuration list for PBXNativeTarget "Machiner" */;
			buildPhases = (
				93F722A321A20139002FFD78 /* Sources */,
				93F722A421A20139002FFD78 /* Frameworks */,
				93F722A521A20139002FFD78 /* Resources */,
			);
			buildRules = (
			);
			dependencies = (
			);
			name = Machiner;
			productName = Machiner;
			productReference = 93F722A721A20139002FFD78 /* Machiner.app */;
			productType = "com.apple.product-type.application";
		};
/* End PBXNativeTarget section */

/* Begin PBXProject section */
		93F7229F21A20139002FFD78 /* Project object */ = {
			isa = PBXProject;
			attributes = {
				LastSwiftUpdateCheck = 1010;
				LastUpgradeCheck = 1010;
				ORGANIZATIONNAME = "Grant Savage";
				TargetAttributes = {
					93F722A621A20139002FFD78 = {
						CreatedOnToolsVersion = 10.1;
					};
				};
			};
			buildConfigurationList = 93F722A221A20139002FFD78 /* Build configuration list for PBXProject "Machiner" */;
			compatibilityVersion = "Xcode 9.3";
			developmentRegion = en;
			hasScannedForEncodings = 0;
			knownRegions = (
				en,
				Base,
			);
			mainGroup = 93F7229E21A20139002FFD78;
			productRefGroup = 93F722A821A20139002FFD78 /* Products */;
			projectDirPath = "";
			projectRoot = "";
			targets = (
				93F722A621A20139002FFD78 /* Machiner */,
			);
		};
/* End PBXProject section */

/* Begin PBXResourcesBuildPhase section */
		93F722A521A20139002FFD78 /* Resources */ = {
			isa = PBXResourcesBuildPhase;
			buildActionMask = 2147483647;
			files = (
				93F722B521A2013C002FFD78 /* LaunchScreen.storyboard in Resources */,
				93F722B221A2013C002FFD78 /* Assets.xcassets in Resources */,
				93F722B021A2013A002FFD78 /* Main.storyboard in Resources */,
			);
			runOnlyForDeploymentPostprocessing = 0;
		};
/* End PBXResourcesBuildPhase section */

/* Begin PBXSourcesBuildPhase section */
		93F722A321A20139002FFD78 /* Sources */ = {
			isa = PBXSourcesBuildPhase;
			buildActionMask = 2147483647;
			files = (
				93F722BD21A24DDC002FFD78 /* FormulasTableViewController.swift in Sources */,
				93F722AB21A2013A002FFD78 /* AppDelegate.swift in Sources */,
				93F722CE21A27C1F002FFD78 /* Formula.swift in Sources */,
				93F722CC21A2736A002FFD78 /* FormulaViewController.swift in Sources */,
			);
			runOnlyForDeploymentPostprocessing = 0;
		};
/* End PBXSourcesBuildPhase section */

/* Begin PBXVariantGroup section */
		93F722AE21A2013A002FFD78 /* Main.storyboard */ = {
			isa = PBXVariantGroup;
			children = (
				93F722AF21A2013A002FFD78 /* Base */,
			);
			name = Main.storyboard;
			sourceTree = "<group>";
		};
		93F722B321A2013C002FFD78 /* LaunchScreen.storyboard */ = {
			isa = PBXVariantGroup;
			children = (
				93F722B421A2013C002FFD78 /* Base */,
			);
			name = LaunchScreen.storyboard;
			sourceTree = "<group>";
		};
/* End PBXVariantGroup section */

/* Begin XCBuildConfiguration section */
		93F722B721A2013C002FFD78 /* Debug */ = {
			isa = XCBuildConfiguration;
			buildSettings = {
				ALWAYS_SEARCH_USER_PATHS = NO;
				CLANG_ANALYZER_NONNULL = YES;
				CLANG_ANALYZER_NUMBER_OBJECT_CONVERSION = YES_AGGRESSIVE;
				CLANG_CXX_LANGUAGE_STANDARD = "gnu++14";
				CLANG_CXX_LIBRARY = "libc++";
				CLANG_ENABLE_MODULES = YES;
				CLANG_ENABLE_OBJC_ARC = YES;
				CLANG_ENABLE_OBJC_WEAK = YES;
				CLANG_WARN_BLOCK_CAPTURE_AUTORELEASING = YES;
				CLANG_WARN_BOOL_CONVERSION = YES;
				CLANG_WARN_COMMA = YES;
				CLANG_WARN_CONSTANT_CONVERSION = YES;
				CLANG_WARN_DEPRECATED_OBJC_IMPLEMENTATIONS = YES;
				CLANG_WARN_DIRECT_OBJC_ISA_USAGE = YES_ERROR;
				CLANG_WARN_DOCUMENTATION_COMMENTS = YES;
				CLANG_WARN_EMPTY_BODY = YES;
				CLANG_WARN_ENUM_CONVERSION = YES;
				CLANG_WARN_INFINITE_RECURSION = YES;
				CLANG_WARN_INT_CONVERSION = YES;
				CLANG_WARN_NON_LITERAL_NULL_CONVERSION = YES;
				CLANG_WARN_OBJC_IMPLICIT_RETAIN_SELF = YES;
				CLANG_WARN_OBJC_LITERAL_CONVERSION = YES;
				CLANG_WARN_OBJC_ROOT_CLASS = YES_ERROR;
				CLANG_WARN_RANGE_LOOP_ANALYSIS = YES;
				CLANG_WARN_STRICT_PROTOTYPES = YES;
				CLANG_WARN_SUSPICIOUS_MOVE = YES;
				CLANG_WARN_UNGUARDED_AVAILABILITY = YES_AGGRESSIVE;
				CLANG_WARN_UNREACHABLE_CODE = YES;
				CLANG_WARN__DUPLICATE_METHOD_MATCH = YES;
				CODE_SIGN_IDENTITY = "iPhone Developer";
				COPY_PHASE_STRIP = NO;
				DEBUG_INFORMATION_FORMAT = dwarf;
				ENABLE_STRICT_OBJC_MSGSEND = YES;
				ENABLE_TESTABILITY = YES;
				GCC_C_LANGUAGE_STANDARD = gnu11;
				GCC_DYNAMIC_NO_PIC = NO;
				GCC_NO_COMMON_BLOCKS = YES;
				GCC_OPTIMIZATION_LEVEL = 0;
				GCC_PREPROCESSOR_DEFINITIONS = (
					"DEBUG=1",
					"$(inherited)",
				);
				GCC_WARN_64_TO_32_BIT_CONVERSION = YES;
				GCC_WARN_ABOUT_RETURN_TYPE = YES_ERROR;
				GCC_WARN_UNDECLARED_SELECTOR = YES;
				GCC_WARN_UNINITIALIZED_AUTOS = YES_AGGRESSIVE;
				GCC_WARN_UNUSED_FUNCTION = YES;
				GCC_WARN_UNUSED_VARIABLE = YES;
				IPHONEOS_DEPLOYMENT_TARGET = 12.1;
				MTL_ENABLE_DEBUG_INFO = INCLUDE_SOURCE;
				MTL_FAST_MATH = YES;
				ONLY_ACTIVE_ARCH = YES;
				SDKROOT = iphoneos;
				SWIFT_ACTIVE_COMPILATION_CONDITIONS = DEBUG;
				SWIFT_OPTIMIZATION_LEVEL = "-Onone";
			};
			name = Debug;
		};
		93F722B821A2013C002FFD78 /* Release */ = {
			isa = XCBuildConfiguration;
			buildSettings = {
				ALWAYS_SEARCH_USER_PATHS = NO;
				CLANG_ANALYZER_NONNULL = YES;
				CLANG_ANALYZER_NUMBER_OBJECT_CONVERSION = YES_AGGRESSIVE;
				CLANG_CXX_LANGUAGE_STANDARD = "gnu++14";
				CLANG_CXX_LIBRARY = "libc++";
				CLANG_ENABLE_MODULES = YES;
				CLANG_ENABLE_OBJC_ARC = YES;
				CLANG_ENABLE_OBJC_WEAK = YES;
				CLANG_WARN_BLOCK_CAPTURE_AUTORELEASING = YES;
				CLANG_WARN_BOOL_CONVERSION = YES;
				CLANG_WARN_COMMA = YES;
				CLANG_WARN_CONSTANT_CONVERSION = YES;
				CLANG_WARN_DEPRECATED_OBJC_IMPLEMENTATIONS = YES;
				CLANG_WARN_DIRECT_OBJC_ISA_USAGE = YES_ERROR;
				CLANG_WARN_DOCUMENTATION_COMMENTS = YES;
				CLANG_WARN_EMPTY_BODY = YES;
				CLANG_WARN_ENUM_CONVERSION = YES;
				CLANG_WARN_INFINITE_RECURSION = YES;
				CLANG_WARN_INT_CONVERSION = YES;
				CLANG_WARN_NON_LITERAL_NULL_CONVERSION = YES;
				CLANG_WARN_OBJC_IMPLICIT_RETAIN_SELF = YES;
				CLANG_WARN_OBJC_LITERAL_CONVERSION = YES;
				CLANG_WARN_OBJC_ROOT_CLASS = YES_ERROR;
				CLANG_WARN_RANGE_LOOP_ANALYSIS = YES;
				CLANG_WARN_STRICT_PROTOTYPES = YES;
				CLANG_WARN_SUSPICIOUS_MOVE = YES;
				CLANG_WARN_UNGUARDED_AVAILABILITY = YES_AGGRESSIVE;
				CLANG_WARN_UNREACHABLE_CODE = YES;
				CLANG_WARN__DUPLICATE_METHOD_MATCH = YES;
				CODE_SIGN_IDENTITY = "iPhone Developer";
				COPY_PHASE_STRIP = NO;
				DEBUG_INFORMATION_FORMAT = "dwarf-with-dsym";
				ENABLE_NS_ASSERTIONS = NO;
				ENABLE_STRICT_OBJC_MSGSEND = YES;
				GCC_C_LANGUAGE_STANDARD = gnu11;
				GCC_NO_COMMON_BLOCKS = YES;
				GCC_WARN_64_TO_32_BIT_CONVERSION = YES;
				GCC_WARN_ABOUT_RETURN_TYPE = YES_ERROR;
				GCC_WARN_UNDECLARED_SELECTOR = YES;
				GCC_WARN_UNINITIALIZED_AUTOS = YES_AGGRESSIVE;
				GCC_WARN_UNUSED_FUNCTION = YES;
				GCC_WARN_UNUSED_VARIABLE = YES;
				IPHONEOS_DEPLOYMENT_TARGET = 12.1;
				MTL_ENABLE_DEBUG_INFO = NO;
				MTL_FAST_MATH = YES;
				SDKROOT = iphoneos;
				SWIFT_COMPILATION_MODE = wholemodule;
				SWIFT_OPTIMIZATION_LEVEL = "-O";
				VALIDATE_PRODUCT = YES;
			};
			name = Release;
		};
		93F722BA21A2013C002FFD78 /* Debug */ = {
			isa = XCBuildConfiguration;
			buildSettings = {
				ASSETCATALOG_COMPILER_APPICON_NAME = AppIcon;
				CODE_SIGN_STYLE = Automatic;
				DEVELOPMENT_TEAM = J343436UCG;
				INFOPLIST_FILE = Machiner/Info.plist;
				LD_RUNPATH_SEARCH_PATHS = (
					"$(inherited)",
					"@executable_path/Frameworks",
				);
				PRODUCT_BUNDLE_IDENTIFIER = GrantSavage.Machiner;
				PRODUCT_NAME = "$(TARGET_NAME)";
				SWIFT_VERSION = 4.2;
				TARGETED_DEVICE_FAMILY = 1;
			};
			name = Debug;
		};
		93F722BB21A2013C002FFD78 /* Release */ = {
			isa = XCBuildConfiguration;
			buildSettings = {
				ASSETCATALOG_COMPILER_APPICON_NAME = AppIcon;
				CODE_SIGN_STYLE = Automatic;
				DEVELOPMENT_TEAM = J343436UCG;
				INFOPLIST_FILE = Machiner/Info.plist;
				LD_RUNPATH_SEARCH_PATHS = (
					"$(inherited)",
					"@executable_path/Frameworks",
				);
				PRODUCT_BUNDLE_IDENTIFIER = GrantSavage.Machiner;
				PRODUCT_NAME = "$(TARGET_NAME)";
				SWIFT_VERSION = 4.2;
				TARGETED_DEVICE_FAMILY = 1;
			};
			name = Release;
		};
/* End XCBuildConfiguration section */

/* Begin XCConfigurationList section */
		93F722A221A20139002FFD78 /* Build configuration list for PBXProject "Machiner" */ = {
			isa = XCConfigurationList;
			buildConfigurations = (
				93F722B721A2013C002FFD78 /* Debug */,
				93F722B821A2013C002FFD78 /* Release */,
			);
			defaultConfigurationIsVisible = 0;
			defaultConfigurationName = Release;
		};
		93F722B921A2013C002FFD78 /* Build configuration list for PBXNativeTarget "Machiner" */ = {
			isa = XCConfigurationList;
			buildConfigurations = (
				93F722BA21A2013C002FFD78 /* Debug */,
				93F722BB21A2013C002FFD78 /* Release */,
			);
			defaultConfigurationIsVisible = 0;
			defaultConfigurationName = Release;
		};
/* End XCConfigurationList section */
	};
	rootObject = 93F7229F21A20139002FFD78 /* Project object */;
}
